
Microsoft Visual Studio Solution File, Format Version 12.00
# Visual Studio 15
VisualStudioVersion = 15.0.28307.329
MinimumVisualStudioVersion = 10.0.40219.1
Project("{FAE04EC0-301F-11D3-BF4B-00C04F79EFBC}") = "CoreMVCApp", "CoreMVCApp\CoreMVCApp.csproj", "{903ADA4E-1D18-49F2-BBB9-B3DD83CB6DCE}"
EndProject
Global
	GlobalSection(SolutionConfigurationPlatforms) = preSolution
		Debug|Any CPU = Debug|Any CPU
		Release|Any CPU = Release|Any CPU
	EndGlobalSection
	GlobalSection(ProjectConfigurationPlatforms) = postSolution
		{903ADA4E-1D18-49F2-BBB9-B3DD83CB6DCE}.Debug|Any CPU.ActiveCfg = Debug|Any CPU
		{903ADA4E-1D18-49F2-BBB9-B3DD83CB6DCE}.Debug|Any CPU.Build.0 = Debug|Any CPU
		{903ADA4E-1D18-49F2-BBB9-B3DD83CB6DCE}.Release|Any CPU.ActiveCfg = Release|Any CPU
		{903ADA4E-1D18-49F2-BBB9-B3DD83CB6DCE}.Release|Any CPU.Build.0 = Release|Any CPU
	EndGlobalSection
	GlobalSection(SolutionProperties) = preSolution
		HideSolutionNode = FALSE
	EndGlobalSection
	GlobalSection(ExtensibilityGlobals) = postSolution
		SolutionGuid = {4C899B9F-55A0-4822-A2DD-D7F96249AF5A}
	EndGlobalSection
EndGlobal
